
Microsoft Visual Studio Solution File, Format Version 12.00
# Visual Studio Version 17
VisualStudioVersion = 17.14.36811.4
MinimumVisualStudioVersion = 10.0.40219.1
Project("{FAE04EC0-301F-11D3-BF4B-00C04F79EFBC}") = "GameDataParser", "GameDataParser\GameDataParser.csproj", "{7D2A9A2B-2D63-44A3-AB37-7BFE912881F5}"
EndProject
Project("{FAE04EC0-301F-11D3-BF4B-00C04F79EFBC}") = "Caching", "Caching\Caching.csproj", "{AD244D33-572F-4D67-AC5C-39EB68BCBCB9}"
EndProject
Project("{FAE04EC0-301F-11D3-BF4B-00C04F79EFBC}") = "CookieCookbook", "..\..\..\..\Users\emilianog\Downloads\CookieCookbook\CookieCookbook\CookieCookbook.csproj", "{93CA2A6A-1A91-2260-55CC-E9FAFF93847E}"
EndProject
Project("{FAE04EC0-301F-11D3-BF4B-00C04F79EFBC}") = "NetUnderTheHoodAssignment", "..\..\..\..\Users\emilianog\Downloads\NetUnderTheHoodAssignment\NetUnderTheHoodAssignment\NetUnderTheHoodAssignment\NetUnderTheHoodAssignment.csproj", "{D44985A0-651C-CEA4-F7AB-0B94CBB46BF0}"
EndProject
Project("{FAE04EC0-301F-11D3-BF4B-00C04F79EFBC}") = "SadBox", "SadBox\SadBox.csproj", "{C4CD201A-C7D7-4119-9467-14F5352DDD91}"
EndProject
Project("{FAE04EC0-301F-11D3-BF4B-00C04F79EFBC}") = "StarWarsPlanetsStats", "StarWarsPlanetsStats\StarWarsPlanetsStats.csproj", "{3ADF6029-491F-4D07-8A43-F452562D1E79}"
EndProject
Project("{FAE04EC0-301F-11D3-BF4B-00C04F79EFBC}") = "CustomLinkedList", "CustomLinkedList\CustomLinkedList.csproj", "{4E42D524-07C1-43DF-8749-20F1380647A2}"
EndProject
Project("{FAE04EC0-301F-11D3-BF4B-00C04F79EFBC}") = "TicketsDataAggregator", "TicketsDataAggregator\TicketsDataAggregator.csproj", "{5403BB54-8CA0-4B80-9C62-99B543F58DAD}"
EndProject
Project("{FAE04EC0-301F-11D3-BF4B-00C04F79EFBC}") = "CSTypesWinFormsApp", "CSTypesWinFormsApp\CSTypesWinFormsApp.csproj", "{2DEF440F-DDA9-9B1C-71F4-71608CA7E4D6}"
EndProject
Project("{2150E333-8FDC-42A3-9474-1A3956D46DE8}") = "14. Assignment - Fibonacci Generator Unit Tests", "14. Assignment - Fibonacci Generator Unit Tests", "{02EA681E-C7D8-13C7-8484-4AC65E1B71E8}"
EndProject
Project("{FAE04EC0-301F-11D3-BF4B-00C04F79EFBC}") = "FibonacciGenerator", "FibonacciGenerator\FibonacciGenerator.csproj", "{FAEFB68E-67AD-4C2E-AF33-F4FB57081F4A}"
EndProject
Project("{FAE04EC0-301F-11D3-BF4B-00C04F79EFBC}") = "FibonacciGeneratorTests", "FibonacciGeneratorTests\FibonacciGeneratorTests.csproj", "{976655DD-886A-45DE-88FB-24BA0708B39B}"
EndProject
Project("{2150E333-8FDC-42A3-9474-1A3956D46DE8}") = "15. Assignment - Guessing Game Unit Tests", "15. Assignment - Guessing Game Unit Tests", "{C3B3D47D-5FF9-4BC2-B95A-3E7D756C1A45}"
EndProject
Project("{FAE04EC0-301F-11D3-BF4B-00C04F79EFBC}") = "14_DiceRollGameToBeTested", "14_DiceRollGameToBeTested\14_DiceRollGameToBeTested.csproj", "{B8878734-5669-0837-85E5-ACAC9EC538C0}"
EndProject
Project("{FAE04EC0-301F-11D3-BF4B-00C04F79EFBC}") = "14_DiceRollGameToBeTestedTests", "14_DiceRollGameToBeTestedTests\14_DiceRollGameToBeTestedTests.csproj", "{493C624B-D938-48C1-B0D4-E6731B91BBB2}"
EndProject
Project("{2150E333-8FDC-42A3-9474-1A3956D46DE8}") = "Solution Items", "Solution Items", "{BD1BD16A-ED40-436B-BBAD-FEF064F616F6}"
	ProjectSection(SolutionItems) = preProject
		.editorconfig = .editorconfig
	EndProjectSection
EndProject
Project("{2150E333-8FDC-42A3-9474-1A3956D46DE8}") = "16. Assignment - Password Generator Refactoring", "16. Assignment - Password Generator Refactoring", "{1DDE6F34-399D-4A8E-99B7-892EC9FED3E4}"
EndProject
Project("{FAE04EC0-301F-11D3-BF4B-00C04F79EFBC}") = "PasswordGenerator", "PasswordGenerator\PasswordGenerator.csproj", "{A878940B-C27E-4040-8055-811EFB50EA9C}"
EndProject
Project("{FAE04EC0-301F-11D3-BF4B-00C04F79EFBC}") = "PasswordGeneratorTests", "PasswordGeneratorTests\PasswordGeneratorTests.csproj", "{7271EB62-193E-4B0A-9FE7-8E3A617F24A7}"
EndProject
Project("{2150E333-8FDC-42A3-9474-1A3956D46DE8}") = "17. Assignment - Quote Finder", "17. Assignment - Quote Finder", "{4E19506F-E725-4769-AF20-1E07016D2765}"
EndProject
Project("{FAE04EC0-301F-11D3-BF4B-00C04F79EFBC}") = "QuoteFinder", "QuoteFinder\QuoteFinder.csproj", "{94C71363-198C-4274-886E-466BB9866080}"
EndProject
Project("{FAE04EC0-301F-11D3-BF4B-00C04F79EFBC}") = "QuoteFinderTests", "QuoteFinderTests\QuoteFinderTests.csproj", "{C9D927B5-1740-4783-B624-8404D74CA331}"
EndProject
Global
	GlobalSection(SolutionConfigurationPlatforms) = preSolution
		Debug|Any CPU = Debug|Any CPU
		Release|Any CPU = Release|Any CPU
	EndGlobalSection
	GlobalSection(ProjectConfigurationPlatforms) = postSolution
		{7D2A9A2B-2D63-44A3-AB37-7BFE912881F5}.Debug|Any CPU.ActiveCfg = Debug|Any CPU
		{7D2A9A2B-2D63-44A3-AB37-7BFE912881F5}.Debug|Any CPU.Build.0 = Debug|Any CPU
		{7D2A9A2B-2D63-44A3-AB37-7BFE912881F5}.Release|Any CPU.ActiveCfg = Release|Any CPU
		{7D2A9A2B-2D63-44A3-AB37-7BFE912881F5}.Release|Any CPU.Build.0 = Release|Any CPU
		{AD244D33-572F-4D67-AC5C-39EB68BCBCB9}.Debug|Any CPU.ActiveCfg = Debug|Any CPU
		{AD244D33-572F-4D67-AC5C-39EB68BCBCB9}.Debug|Any CPU.Build.0 = Debug|Any CPU
		{AD244D33-572F-4D67-AC5C-39EB68BCBCB9}.Release|Any CPU.ActiveCfg = Release|Any CPU
		{AD244D33-572F-4D67-AC5C-39EB68BCBCB9}.Release|Any CPU.Build.0 = Release|Any CPU
		{93CA2A6A-1A91-2260-55CC-E9FAFF93847E}.Debug|Any CPU.ActiveCfg = Debug|Any CPU
		{93CA2A6A-1A91-2260-55CC-E9FAFF93847E}.Debug|Any CPU.Build.0 = Debug|Any CPU
		{93CA2A6A-1A91-2260-55CC-E9FAFF93847E}.Release|Any CPU.ActiveCfg = Release|Any CPU
		{93CA2A6A-1A91-2260-55CC-E9FAFF93847E}.Release|Any CPU.Build.0 = Release|Any CPU
		{D44985A0-651C-CEA4-F7AB-0B94CBB46BF0}.Debug|Any CPU.ActiveCfg = Debug|Any CPU
		{D44985A0-651C-CEA4-F7AB-0B94CBB46BF0}.Debug|Any CPU.Build.0 = Debug|Any CPU
		{D44985A0-651C-CEA4-F7AB-0B94CBB46BF0}.Release|Any CPU.ActiveCfg = Release|Any CPU
		{D44985A0-651C-CEA4-F7AB-0B94CBB46BF0}.Release|Any CPU.Build.0 = Release|Any CPU
		{C4CD201A-C7D7-4119-9467-14F5352DDD91}.Debug|Any CPU.ActiveCfg = Debug|Any CPU
		{C4CD201A-C7D7-4119-9467-14F5352DDD91}.Debug|Any CPU.Build.0 = Debug|Any CPU
		{C4CD201A-C7D7-4119-9467-14F5352DDD91}.Release|Any CPU.ActiveCfg = Release|Any CPU
		{C4CD201A-C7D7-4119-9467-14F5352DDD91}.Release|Any CPU.Build.0 = Release|Any CPU
		{3ADF6029-491F-4D07-8A43-F452562D1E79}.Debug|Any CPU.ActiveCfg = Debug|Any CPU
		{3ADF6029-491F-4D07-8A43-F452562D1E79}.Debug|Any CPU.Build.0 = Debug|Any CPU
		{3ADF6029-491F-4D07-8A43-F452562D1E79}.Release|Any CPU.ActiveCfg = Release|Any CPU
		{3ADF6029-491F-4D07-8A43-F452562D1E79}.Release|Any CPU.Build.0 = Release|Any CPU
		{4E42D524-07C1-43DF-8749-20F1380647A2}.Debug|Any CPU.ActiveCfg = Debug|Any CPU
		{4E42D524-07C1-43DF-8749-20F1380647A2}.Debug|Any CPU.Build.0 = Debug|Any CPU
		{4E42D524-07C1-43DF-8749-20F1380647A2}.Release|Any CPU.ActiveCfg = Release|Any CPU
		{4E42D524-07C1-43DF-8749-20F1380647A2}.Release|Any CPU.Build.0 = Release|Any CPU
		{5403BB54-8CA0-4B80-9C62-99B543F58DAD}.Debug|Any CPU.ActiveCfg = Debug|Any CPU
		{5403BB54-8CA0-4B80-9C62-99B543F58DAD}.Debug|Any CPU.Build.0 = Debug|Any CPU
		{5403BB54-8CA0-4B80-9C62-99B543F58DAD}.Release|Any CPU.ActiveCfg = Release|Any CPU
		{5403BB54-8CA0-4B80-9C62-99B543F58DAD}.Release|Any CPU.Build.0 = Release|Any CPU
		{2DEF440F-DDA9-9B1C-71F4-71608CA7E4D6}.Debug|Any CPU.ActiveCfg = Debug|Any CPU
		{2DEF440F-DDA9-9B1C-71F4-71608CA7E4D6}.Debug|Any CPU.Build.0 = Debug|Any CPU
		{2DEF440F-DDA9-9B1C-71F4-71608CA7E4D6}.Release|Any CPU.ActiveCfg = Release|Any CPU
		{2DEF440F-DDA9-9B1C-71F4-71608CA7E4D6}.Release|Any CPU.Build.0 = Release|Any CPU
		{FAEFB68E-67AD-4C2E-AF33-F4FB57081F4A}.Debug|Any CPU.ActiveCfg = Debug|Any CPU
		{FAEFB68E-67AD-4C2E-AF33-F4FB57081F4A}.Debug|Any CPU.Build.0 = Debug|Any CPU
		{FAEFB68E-67AD-4C2E-AF33-F4FB57081F4A}.Release|Any CPU.ActiveCfg = Release|Any CPU
		{FAEFB68E-67AD-4C2E-AF33-F4FB57081F4A}.Release|Any CPU.Build.0 = Release|Any CPU
		{976655DD-886A-45DE-88FB-24BA0708B39B}.Debug|Any CPU.ActiveCfg = Debug|Any CPU
		{976655DD-886A-45DE-88FB-24BA0708B39B}.Debug|Any CPU.Build.0 = Debug|Any CPU
		{976655DD-886A-45DE-88FB-24BA0708B39B}.Release|Any CPU.ActiveCfg = Release|Any CPU
		{976655DD-886A-45DE-88FB-24BA0708B39B}.Release|Any CPU.Build.0 = Release|Any CPU
		{B8878734-5669-0837-85E5-ACAC9EC538C0}.Debug|Any CPU.ActiveCfg = Debug|Any CPU
		{B8878734-5669-0837-85E5-ACAC9EC538C0}.Debug|Any CPU.Build.0 = Debug|Any CPU
		{B8878734-5669-0837-85E5-ACAC9EC538C0}.Release|Any CPU.ActiveCfg = Release|Any CPU
		{B8878734-5669-0837-85E5-ACAC9EC538C0}.Release|Any CPU.Build.0 = Release|Any CPU
		{493C624B-D938-48C1-B0D4-E6731B91BBB2}.Debug|Any CPU.ActiveCfg = Debug|Any CPU
		{493C624B-D938-48C1-B0D4-E6731B91BBB2}.Debug|Any CPU.Build.0 = Debug|Any CPU
		{493C624B-D938-48C1-B0D4-E6731B91BBB2}.Release|Any CPU.ActiveCfg = Release|Any CPU
		{493C624B-D938-48C1-B0D4-E6731B91BBB2}.Release|Any CPU.Build.0 = Release|Any CPU
		{A878940B-C27E-4040-8055-811EFB50EA9C}.Debug|Any CPU.ActiveCfg = Debug|Any CPU
		{A878940B-C27E-4040-8055-811EFB50EA9C}.Debug|Any CPU.Build.0 = Debug|Any CPU
		{A878940B-C27E-4040-8055-811EFB50EA9C}.Release|Any CPU.ActiveCfg = Release|Any CPU
		{A878940B-C27E-4040-8055-811EFB50EA9C}.Release|Any CPU.Build.0 = Release|Any CPU
		{7271EB62-193E-4B0A-9FE7-8E3A617F24A7}.Debug|Any CPU.ActiveCfg = Debug|Any CPU
		{7271EB62-193E-4B0A-9FE7-8E3A617F24A7}.Debug|Any CPU.Build.0 = Debug|Any CPU
		{7271EB62-193E-4B0A-9FE7-8E3A617F24A7}.Release|Any CPU.ActiveCfg = Release|Any CPU
		{7271EB62-193E-4B0A-9FE7-8E3A617F24A7}.Release|Any CPU.Build.0 = Release|Any CPU
		{94C71363-198C-4274-886E-466BB9866080}.Debug|Any CPU.ActiveCfg = Debug|Any CPU
		{94C71363-198C-4274-886E-466BB9866080}.Debug|Any CPU.Build.0 = Debug|Any CPU
		{94C71363-198C-4274-886E-466BB9866080}.Release|Any CPU.ActiveCfg = Release|Any CPU
		{94C71363-198C-4274-886E-466BB9866080}.Release|Any CPU.Build.0 = Release|Any CPU
		{C9D927B5-1740-4783-B624-8404D74CA331}.Debug|Any CPU.ActiveCfg = Debug|Any CPU
		{C9D927B5-1740-4783-B624-8404D74CA331}.Debug|Any CPU.Build.0 = Debug|Any CPU
		{C9D927B5-1740-4783-B624-8404D74CA331}.Release|Any CPU.ActiveCfg = Release|Any CPU
		{C9D927B5-1740-4783-B624-8404D74CA331}.Release|Any CPU.Build.0 = Release|Any CPU
	EndGlobalSection
	GlobalSection(SolutionProperties) = preSolution
		HideSolutionNode = FALSE
	EndGlobalSection
	GlobalSection(NestedProjects) = preSolution
		{FAEFB68E-67AD-4C2E-AF33-F4FB57081F4A} = {02EA681E-C7D8-13C7-8484-4AC65E1B71E8}
		{976655DD-886A-45DE-88FB-24BA0708B39B} = {02EA681E-C7D8-13C7-8484-4AC65E1B71E8}
		{B8878734-5669-0837-85E5-ACAC9EC538C0} = {C3B3D47D-5FF9-4BC2-B95A-3E7D756C1A45}
		{493C624B-D938-48C1-B0D4-E6731B91BBB2} = {C3B3D47D-5FF9-4BC2-B95A-3E7D756C1A45}
		{A878940B-C27E-4040-8055-811EFB50EA9C} = {1DDE6F34-399D-4A8E-99B7-892EC9FED3E4}
		{7271EB62-193E-4B0A-9FE7-8E3A617F24A7} = {1DDE6F34-399D-4A8E-99B7-892EC9FED3E4}
		{94C71363-198C-4274-886E-466BB9866080} = {4E19506F-E725-4769-AF20-1E07016D2765}
		{C9D927B5-1740-4783-B624-8404D74CA331} = {4E19506F-E725-4769-AF20-1E07016D2765}
	EndGlobalSection
	GlobalSection(ExtensibilityGlobals) = postSolution
		SolutionGuid = {EBE859E6-83E1-4703-9D86-CB6E1F71D25A}
	EndGlobalSection
EndGlobal
