
Microsoft Visual Studio Solution File, Format Version 12.00
# Visual Studio Version 17
VisualStudioVersion = 17.14.36811.4
MinimumVisualStudioVersion = 10.0.40219.1
Project("{FAE04EC0-301F-11D3-BF4B-00C04F79EFBC}") = "GameDataParser", "GameDataParser\GameDataParser.csproj", "{7D2A9A2B-2D63-44A3-AB37-7BFE912881F5}"
EndProject
Project("{FAE04EC0-301F-11D3-BF4B-00C04F79EFBC}") = "Caching", "Caching\Caching.csproj", "{AD244D33-572F-4D67-AC5C-39EB68BCBCB9}"
EndProject
Project("{FAE04EC0-301F-11D3-BF4B-00C04F79EFBC}") = "CookieCookbook", "..\..\..\..\Users\emilianog\Downloads\CookieCookbook\CookieCookbook\CookieCookbook.csproj", "{93CA2A6A-1A91-2260-55CC-E9FAFF93847E}"
EndProject
Project("{FAE04EC0-301F-11D3-BF4B-00C04F79EFBC}") = "NetUnderTheHoodAssignment", "..\..\..\..\Users\emilianog\Downloads\NetUnderTheHoodAssignment\NetUnderTheHoodAssignment\NetUnderTheHoodAssignment\NetUnderTheHoodAssignment.csproj", "{D44985A0-651C-CEA4-F7AB-0B94CBB46BF0}"
EndProject
Project("{FAE04EC0-301F-11D3-BF4B-00C04F79EFBC}") = "SadBox", "SadBox\SadBox.csproj", "{C4CD201A-C7D7-4119-9467-14F5352DDD91}"
EndProject
Project("{FAE04EC0-301F-11D3-BF4B-00C04F79EFBC}") = "StarWarsPlanetsStats", "StarWarsPlanetsStats\StarWarsPlanetsStats.csproj", "{3ADF6029-491F-4D07-8A43-F452562D1E79}"
EndProject
Project("{FAE04EC0-301F-11D3-BF4B-00C04F79EFBC}") = "CustomLinkedList", "CustomLinkedList\CustomLinkedList.csproj", "{4E42D524-07C1-43DF-8749-20F1380647A2}"
EndProject
Project("{FAE04EC0-301F-11D3-BF4B-00C04F79EFBC}") = "TicketsDataAggregator", "TicketsDataAggregator\TicketsDataAggregator.csproj", "{5403BB54-8CA0-4B80-9C62-99B543F58DAD}"
EndProject
Project("{FAE04EC0-301F-11D3-BF4B-00C04F79EFBC}") = "FirstWinFormsApp", "FirstWinFormsApp\FirstWinFormsApp.csproj", "{D23ED819-7B8A-40DF-8BE9-39632C0864F8}"
EndProject
Project("{FAE04EC0-301F-11D3-BF4B-00C04F79EFBC}") = "FirstWinFormsApp.Tests", "FirstWinFormsApp.Tests\FirstWinFormsApp.Tests.csproj", "{819EE10A-B6B4-4B45-B841-CBAC940E51D5}"
EndProject
Global
	GlobalSection(SolutionConfigurationPlatforms) = preSolution
		Debug|Any CPU = Debug|Any CPU
		Debug|x64 = Debug|x64
		Debug|x86 = Debug|x86
		Release|Any CPU = Release|Any CPU
		Release|x64 = Release|x64
		Release|x86 = Release|x86
	EndGlobalSection
	GlobalSection(ProjectConfigurationPlatforms) = postSolution
		{7D2A9A2B-2D63-44A3-AB37-7BFE912881F5}.Debug|Any CPU.ActiveCfg = Debug|Any CPU
		{7D2A9A2B-2D63-44A3-AB37-7BFE912881F5}.Debug|Any CPU.Build.0 = Debug|Any CPU
		{7D2A9A2B-2D63-44A3-AB37-7BFE912881F5}.Debug|x64.ActiveCfg = Debug|Any CPU
		{7D2A9A2B-2D63-44A3-AB37-7BFE912881F5}.Debug|x64.Build.0 = Debug|Any CPU
		{7D2A9A2B-2D63-44A3-AB37-7BFE912881F5}.Debug|x86.ActiveCfg = Debug|Any CPU
		{7D2A9A2B-2D63-44A3-AB37-7BFE912881F5}.Debug|x86.Build.0 = Debug|Any CPU
		{7D2A9A2B-2D63-44A3-AB37-7BFE912881F5}.Release|Any CPU.ActiveCfg = Release|Any CPU
		{7D2A9A2B-2D63-44A3-AB37-7BFE912881F5}.Release|Any CPU.Build.0 = Release|Any CPU
		{7D2A9A2B-2D63-44A3-AB37-7BFE912881F5}.Release|x64.ActiveCfg = Release|Any CPU
		{7D2A9A2B-2D63-44A3-AB37-7BFE912881F5}.Release|x64.Build.0 = Release|Any CPU
		{7D2A9A2B-2D63-44A3-AB37-7BFE912881F5}.Release|x86.ActiveCfg = Release|Any CPU
		{7D2A9A2B-2D63-44A3-AB37-7BFE912881F5}.Release|x86.Build.0 = Release|Any CPU
		{AD244D33-572F-4D67-AC5C-39EB68BCBCB9}.Debug|Any CPU.ActiveCfg = Debug|Any CPU
		{AD244D33-572F-4D67-AC5C-39EB68BCBCB9}.Debug|Any CPU.Build.0 = Debug|Any CPU
		{AD244D33-572F-4D67-AC5C-39EB68BCBCB9}.Debug|x64.ActiveCfg = Debug|Any CPU
		{AD244D33-572F-4D67-AC5C-39EB68BCBCB9}.Debug|x64.Build.0 = Debug|Any CPU
		{AD244D33-572F-4D67-AC5C-39EB68BCBCB9}.Debug|x86.ActiveCfg = Debug|Any CPU
		{AD244D33-572F-4D67-AC5C-39EB68BCBCB9}.Debug|x86.Build.0 = Debug|Any CPU
		{AD244D33-572F-4D67-AC5C-39EB68BCBCB9}.Release|Any CPU.ActiveCfg = Release|Any CPU
		{AD244D33-572F-4D67-AC5C-39EB68BCBCB9}.Release|Any CPU.Build.0 = Release|Any CPU
		{AD244D33-572F-4D67-AC5C-39EB68BCBCB9}.Release|x64.ActiveCfg = Release|Any CPU
		{AD244D33-572F-4D67-AC5C-39EB68BCBCB9}.Release|x64.Build.0 = Release|Any CPU
		{AD244D33-572F-4D67-AC5C-39EB68BCBCB9}.Release|x86.ActiveCfg = Release|Any CPU
		{AD244D33-572F-4D67-AC5C-39EB68BCBCB9}.Release|x86.Build.0 = Release|Any CPU
		{93CA2A6A-1A91-2260-55CC-E9FAFF93847E}.Debug|Any CPU.ActiveCfg = Debug|Any CPU
		{93CA2A6A-1A91-2260-55CC-E9FAFF93847E}.Debug|Any CPU.Build.0 = Debug|Any CPU
		{93CA2A6A-1A91-2260-55CC-E9FAFF93847E}.Debug|x64.ActiveCfg = Debug|Any CPU
		{93CA2A6A-1A91-2260-55CC-E9FAFF93847E}.Debug|x64.Build.0 = Debug|Any CPU
		{93CA2A6A-1A91-2260-55CC-E9FAFF93847E}.Debug|x86.ActiveCfg = Debug|Any CPU
		{93CA2A6A-1A91-2260-55CC-E9FAFF93847E}.Debug|x86.Build.0 = Debug|Any CPU
		{93CA2A6A-1A91-2260-55CC-E9FAFF93847E}.Release|Any CPU.ActiveCfg = Release|Any CPU
		{93CA2A6A-1A91-2260-55CC-E9FAFF93847E}.Release|Any CPU.Build.0 = Release|Any CPU
		{93CA2A6A-1A91-2260-55CC-E9FAFF93847E}.Release|x64.ActiveCfg = Release|Any CPU
		{93CA2A6A-1A91-2260-55CC-E9FAFF93847E}.Release|x64.Build.0 = Release|Any CPU
		{93CA2A6A-1A91-2260-55CC-E9FAFF93847E}.Release|x86.ActiveCfg = Release|Any CPU
		{93CA2A6A-1A91-2260-55CC-E9FAFF93847E}.Release|x86.Build.0 = Release|Any CPU
		{D44985A0-651C-CEA4-F7AB-0B94CBB46BF0}.Debug|Any CPU.ActiveCfg = Debug|Any CPU
		{D44985A0-651C-CEA4-F7AB-0B94CBB46BF0}.Debug|Any CPU.Build.0 = Debug|Any CPU
		{D44985A0-651C-CEA4-F7AB-0B94CBB46BF0}.Debug|x64.ActiveCfg = Debug|Any CPU
		{D44985A0-651C-CEA4-F7AB-0B94CBB46BF0}.Debug|x64.Build.0 = Debug|Any CPU
		{D44985A0-651C-CEA4-F7AB-0B94CBB46BF0}.Debug|x86.ActiveCfg = Debug|Any CPU
		{D44985A0-651C-CEA4-F7AB-0B94CBB46BF0}.Debug|x86.Build.0 = Debug|Any CPU
		{D44985A0-651C-CEA4-F7AB-0B94CBB46BF0}.Release|Any CPU.ActiveCfg = Release|Any CPU
		{D44985A0-651C-CEA4-F7AB-0B94CBB46BF0}.Release|Any CPU.Build.0 = Release|Any CPU
		{D44985A0-651C-CEA4-F7AB-0B94CBB46BF0}.Release|x64.ActiveCfg = Release|Any CPU
		{D44985A0-651C-CEA4-F7AB-0B94CBB46BF0}.Release|x64.Build.0 = Release|Any CPU
		{D44985A0-651C-CEA4-F7AB-0B94CBB46BF0}.Release|x86.ActiveCfg = Release|Any CPU
		{D44985A0-651C-CEA4-F7AB-0B94CBB46BF0}.Release|x86.Build.0 = Release|Any CPU
		{C4CD201A-C7D7-4119-9467-14F5352DDD91}.Debug|Any CPU.ActiveCfg = Debug|Any CPU
		{C4CD201A-C7D7-4119-9467-14F5352DDD91}.Debug|Any CPU.Build.0 = Debug|Any CPU
		{C4CD201A-C7D7-4119-9467-14F5352DDD91}.Debug|x64.ActiveCfg = Debug|Any CPU
		{C4CD201A-C7D7-4119-9467-14F5352DDD91}.Debug|x64.Build.0 = Debug|Any CPU
		{C4CD201A-C7D7-4119-9467-14F5352DDD91}.Debug|x86.ActiveCfg = Debug|Any CPU
		{C4CD201A-C7D7-4119-9467-14F5352DDD91}.Debug|x86.Build.0 = Debug|Any CPU
		{C4CD201A-C7D7-4119-9467-14F5352DDD91}.Release|Any CPU.ActiveCfg = Release|Any CPU
		{C4CD201A-C7D7-4119-9467-14F5352DDD91}.Release|Any CPU.Build.0 = Release|Any CPU
		{C4CD201A-C7D7-4119-9467-14F5352DDD91}.Release|x64.ActiveCfg = Release|Any CPU
		{C4CD201A-C7D7-4119-9467-14F5352DDD91}.Release|x64.Build.0 = Release|Any CPU
		{C4CD201A-C7D7-4119-9467-14F5352DDD91}.Release|x86.ActiveCfg = Release|Any CPU
		{C4CD201A-C7D7-4119-9467-14F5352DDD91}.Release|x86.Build.0 = Release|Any CPU
		{3ADF6029-491F-4D07-8A43-F452562D1E79}.Debug|Any CPU.ActiveCfg = Debug|Any CPU
		{3ADF6029-491F-4D07-8A43-F452562D1E79}.Debug|Any CPU.Build.0 = Debug|Any CPU
		{3ADF6029-491F-4D07-8A43-F452562D1E79}.Debug|x64.ActiveCfg = Debug|Any CPU
		{3ADF6029-491F-4D07-8A43-F452562D1E79}.Debug|x64.Build.0 = Debug|Any CPU
		{3ADF6029-491F-4D07-8A43-F452562D1E79}.Debug|x86.ActiveCfg = Debug|Any CPU
		{3ADF6029-491F-4D07-8A43-F452562D1E79}.Debug|x86.Build.0 = Debug|Any CPU
		{3ADF6029-491F-4D07-8A43-F452562D1E79}.Release|Any CPU.ActiveCfg = Release|Any CPU
		{3ADF6029-491F-4D07-8A43-F452562D1E79}.Release|Any CPU.Build.0 = Release|Any CPU
		{3ADF6029-491F-4D07-8A43-F452562D1E79}.Release|x64.ActiveCfg = Release|Any CPU
		{3ADF6029-491F-4D07-8A43-F452562D1E79}.Release|x64.Build.0 = Release|Any CPU
		{3ADF6029-491F-4D07-8A43-F452562D1E79}.Release|x86.ActiveCfg = Release|Any CPU
		{3ADF6029-491F-4D07-8A43-F452562D1E79}.Release|x86.Build.0 = Release|Any CPU
		{4E42D524-07C1-43DF-8749-20F1380647A2}.Debug|Any CPU.ActiveCfg = Debug|Any CPU
		{4E42D524-07C1-43DF-8749-20F1380647A2}.Debug|Any CPU.Build.0 = Debug|Any CPU
		{4E42D524-07C1-43DF-8749-20F1380647A2}.Debug|x64.ActiveCfg = Debug|Any CPU
		{4E42D524-07C1-43DF-8749-20F1380647A2}.Debug|x64.Build.0 = Debug|Any CPU
		{4E42D524-07C1-43DF-8749-20F1380647A2}.Debug|x86.ActiveCfg = Debug|Any CPU
		{4E42D524-07C1-43DF-8749-20F1380647A2}.Debug|x86.Build.0 = Debug|Any CPU
		{4E42D524-07C1-43DF-8749-20F1380647A2}.Release|Any CPU.ActiveCfg = Release|Any CPU
		{4E42D524-07C1-43DF-8749-20F1380647A2}.Release|Any CPU.Build.0 = Release|Any CPU
		{4E42D524-07C1-43DF-8749-20F1380647A2}.Release|x64.ActiveCfg = Release|Any CPU
		{4E42D524-07C1-43DF-8749-20F1380647A2}.Release|x64.Build.0 = Release|Any CPU
		{4E42D524-07C1-43DF-8749-20F1380647A2}.Release|x86.ActiveCfg = Release|Any CPU
		{4E42D524-07C1-43DF-8749-20F1380647A2}.Release|x86.Build.0 = Release|Any CPU
		{5403BB54-8CA0-4B80-9C62-99B543F58DAD}.Debug|Any CPU.ActiveCfg = Debug|Any CPU
		{5403BB54-8CA0-4B80-9C62-99B543F58DAD}.Debug|Any CPU.Build.0 = Debug|Any CPU
		{5403BB54-8CA0-4B80-9C62-99B543F58DAD}.Debug|x64.ActiveCfg = Debug|Any CPU
		{5403BB54-8CA0-4B80-9C62-99B543F58DAD}.Debug|x64.Build.0 = Debug|Any CPU
		{5403BB54-8CA0-4B80-9C62-99B543F58DAD}.Debug|x86.ActiveCfg = Debug|Any CPU
		{5403BB54-8CA0-4B80-9C62-99B543F58DAD}.Debug|x86.Build.0 = Debug|Any CPU
		{5403BB54-8CA0-4B80-9C62-99B543F58DAD}.Release|Any CPU.ActiveCfg = Release|Any CPU
		{5403BB54-8CA0-4B80-9C62-99B543F58DAD}.Release|Any CPU.Build.0 = Release|Any CPU
		{5403BB54-8CA0-4B80-9C62-99B543F58DAD}.Release|x64.ActiveCfg = Release|Any CPU
		{5403BB54-8CA0-4B80-9C62-99B543F58DAD}.Release|x64.Build.0 = Release|Any CPU
		{5403BB54-8CA0-4B80-9C62-99B543F58DAD}.Release|x86.ActiveCfg = Release|Any CPU
		{5403BB54-8CA0-4B80-9C62-99B543F58DAD}.Release|x86.Build.0 = Release|Any CPU
		{D23ED819-7B8A-40DF-8BE9-39632C0864F8}.Debug|Any CPU.ActiveCfg = Debug|Any CPU
		{D23ED819-7B8A-40DF-8BE9-39632C0864F8}.Debug|Any CPU.Build.0 = Debug|Any CPU
		{D23ED819-7B8A-40DF-8BE9-39632C0864F8}.Debug|x64.ActiveCfg = Debug|Any CPU
		{D23ED819-7B8A-40DF-8BE9-39632C0864F8}.Debug|x64.Build.0 = Debug|Any CPU
		{D23ED819-7B8A-40DF-8BE9-39632C0864F8}.Debug|x86.ActiveCfg = Debug|Any CPU
		{D23ED819-7B8A-40DF-8BE9-39632C0864F8}.Debug|x86.Build.0 = Debug|Any CPU
		{D23ED819-7B8A-40DF-8BE9-39632C0864F8}.Release|Any CPU.ActiveCfg = Release|Any CPU
		{D23ED819-7B8A-40DF-8BE9-39632C0864F8}.Release|Any CPU.Build.0 = Release|Any CPU
		{D23ED819-7B8A-40DF-8BE9-39632C0864F8}.Release|x64.ActiveCfg = Release|Any CPU
		{D23ED819-7B8A-40DF-8BE9-39632C0864F8}.Release|x64.Build.0 = Release|Any CPU
		{D23ED819-7B8A-40DF-8BE9-39632C0864F8}.Release|x86.ActiveCfg = Release|Any CPU
		{D23ED819-7B8A-40DF-8BE9-39632C0864F8}.Release|x86.Build.0 = Release|Any CPU
		{819EE10A-B6B4-4B45-B841-CBAC940E51D5}.Debug|Any CPU.ActiveCfg = Debug|Any CPU
		{819EE10A-B6B4-4B45-B841-CBAC940E51D5}.Debug|Any CPU.Build.0 = Debug|Any CPU
		{819EE10A-B6B4-4B45-B841-CBAC940E51D5}.Debug|x64.ActiveCfg = Debug|Any CPU
		{819EE10A-B6B4-4B45-B841-CBAC940E51D5}.Debug|x64.Build.0 = Debug|Any CPU
		{819EE10A-B6B4-4B45-B841-CBAC940E51D5}.Debug|x86.ActiveCfg = Debug|Any CPU
		{819EE10A-B6B4-4B45-B841-CBAC940E51D5}.Debug|x86.Build.0 = Debug|Any CPU
		{819EE10A-B6B4-4B45-B841-CBAC940E51D5}.Release|Any CPU.ActiveCfg = Release|Any CPU
		{819EE10A-B6B4-4B45-B841-CBAC940E51D5}.Release|Any CPU.Build.0 = Release|Any CPU
		{819EE10A-B6B4-4B45-B841-CBAC940E51D5}.Release|x64.ActiveCfg = Release|Any CPU
		{819EE10A-B6B4-4B45-B841-CBAC940E51D5}.Release|x64.Build.0 = Release|Any CPU
		{819EE10A-B6B4-4B45-B841-CBAC940E51D5}.Release|x86.ActiveCfg = Release|Any CPU
		{819EE10A-B6B4-4B45-B841-CBAC940E51D5}.Release|x86.Build.0 = Release|Any CPU
	EndGlobalSection
	GlobalSection(SolutionProperties) = preSolution
		HideSolutionNode = FALSE
	EndGlobalSection
	GlobalSection(ExtensibilityGlobals) = postSolution
		SolutionGuid = {EBE859E6-83E1-4703-9D86-CB6E1F71D25A}
	EndGlobalSection
EndGlobal
